<?xml version="1.0" encoding="UTF-8"?>
<Scheme
   LastUpgradeVersion = "0630"
   version = "1.3">
   <BuildAction
      parallelizeBuildables = "YES"
      buildImplicitDependencies = "YES">
      <BuildActionEntries>
         <BuildActionEntry
            buildForTesting = "YES"
            buildForRunning = "YES"
            buildForProfiling = "YES"
            buildForArchiving = "YES"
            buildForAnalyzing = "YES">
            <BuildableReference
               BuildableIdentifier = "primary"
               BlueprintIdentifier = "0127A9DA1B2CD0F10037BF4C"
               BuildableName = "uQu WatchKit App.app"
               BlueprintName = "uQu WatchKit App"
               ReferencedContainer = "container:uQu.xcodeproj">
            </BuildableReference>
         </BuildActionEntry>
         <BuildActionEntry
            buildForTesting = "YES"
            buildForRunning = "YES"
            buildForProfiling = "YES"
            buildForArchiving = "YES"
            buildForAnalyzing = "YES">
            <BuildableReference
               BuildableIdentifier = "primary"
               BlueprintIdentifier = "0127A9CF1B2CD0F10037BF4C"
               BuildableName = "uQu WatchKit Extension.appex"
               BlueprintName = "uQu WatchKit Extension"
               ReferencedContainer = "container:uQu.xcodeproj">
            </BuildableReference>
         </BuildActionEntry>
         <BuildActionEntry
            buildForTesting = "YES"
            buildForRunning = "YES"
            buildForProfiling = "YES"
            buildForArchiving = "YES"
            buildForAnalyzing = "YES">
            <BuildableReference
               BuildableIdentifier = "primary"
               BlueprintIdentifier = "0127A97D1B2CD0B60037BF4C"
               BuildableName = "uQu.app"
               BlueprintName = "uQu"
               ReferencedContainer = "container:uQu.xcodeproj">
            </BuildableReference>
         </BuildActionEntry>
      </BuildActionEntries>
   </BuildAction>
   <TestAction
      selectedDebuggerIdentifier = "Xcode.DebuggerFoundation.Debugger.LLDB"
      selectedLauncherIdentifier = "Xcode.DebuggerFoundation.Launcher.LLDB"
      shouldUseLaunchSchemeArgsEnv = "YES"
      buildConfiguration = "Debug">
      <Testables>
      </Testables>
      <MacroExpansion>
         <BuildableReference
            BuildableIdentifier = "primary"
            BlueprintIdentifier = "0127A9DA1B2CD0F10037BF4C"
            BuildableName = "uQu WatchKit App.app"
            BlueprintName = "uQu WatchKit App"
            ReferencedContainer = "container:uQu.xcodeproj">
         </BuildableReference>
      </MacroExpansion>
   </TestAction>
   <LaunchAction
      selectedDebuggerIdentifier = "Xcode.DebuggerFoundation.Debugger.LLDB"
      selectedLauncherIdentifier = "Xcode.DebuggerFoundation.Launcher.LLDB"
      launchStyle = "0"
      useCustomWorkingDirectory = "NO"
      buildConfiguration = "Debug"
      ignoresPersistentStateOnLaunch = "NO"
      debugDocumentVersioning = "YES"
      allowLocationSimulation = "YES">
      <RemoteRunnable
         runnableDebuggingMode = "2"
         BundleIdentifier = "com.apple.springboard"
         RemotePath = "/uQu">
         <BuildableReference
            BuildableIdentifier = "primary"
            BlueprintIdentifier = "0127A9DA1B2CD0F10037BF4C"
            BuildableName = "uQu WatchKit App.app"
            BlueprintName = "uQu WatchKit App"
            ReferencedContainer = "container:uQu.xcodeproj">
         </BuildableReference>
      </RemoteRunnable>
      <MacroExpansion>
         <BuildableReference
            BuildableIdentifier = "primary"
            BlueprintIdentifier = "0127A9DA1B2CD0F10037BF4C"
            BuildableName = "uQu WatchKit App.app"
            BlueprintName = "uQu WatchKit App"
            ReferencedContainer = "container:uQu.xcodeproj">
         </BuildableReference>
      </MacroExpansion>
      <AdditionalOptions>
      </AdditionalOptions>
   </LaunchAction>
   <ProfileAction
      shouldUseLaunchSchemeArgsEnv = "YES"
      savedToolIdentifier = ""
      useCustomWorkingDirectory = "NO"
      buildConfiguration = "Release"
      debugDocumentVersioning = "YES">
      <RemoteRunnable
         runnableDebuggingMode = "2"
         BundleIdentifier = "com.apple.springboard"
         RemotePath = "/uQu">
         <BuildableReference
            BuildableIdentifier = "primary"
            BlueprintIdentifier = "0127A9DA1B2CD0F10037BF4C"
            BuildableName = "uQu WatchKit App.app"
            BlueprintName = "uQu WatchKit App"
            ReferencedContainer = "container:uQu.xcodeproj">
         </BuildableReference>
      </RemoteRunnable>
      <MacroExpansion>
         <BuildableReference
            BuildableIdentifier = "primary"
            BlueprintIdentifier = "0127A9DA1B2CD0F10037BF4C"
            BuildableName = "uQu WatchKit App.app"
            BlueprintName = "uQu WatchKit App"
            ReferencedContainer = "container:uQu.xcodeproj">
         </BuildableReference>
      </MacroExpansion>
   </ProfileAction>
   <AnalyzeAction
      buildConfiguration = "Debug">
   </AnalyzeAction>
   <ArchiveAction
      buildConfiguration = "Release"
      revealArchiveInOrganizer = "YES">
   </ArchiveAction>
</Scheme>
