// !$*UTF8*$!
{
	archiveVersion = 1;
	classes = {
	};
	objectVersion = 46;
	objects = {

/* Begin PBXBuildFile section */
		0127A9841B2CD0B60037BF4C /* main.m in Sources */ = {isa = PBXBuildFile; fileRef = 0127A9831B2CD0B60037BF4C /* main.m */; };
		0127A9871B2CD0B60037BF4C /* AppDelegate.m in Sources */ = {isa = PBXBuildFile; fileRef = 0127A9861B2CD0B60037BF4C /* AppDelegate.m */; };
		0127A98A1B2CD0B60037BF4C /* ViewController.m in Sources */ = {isa = PBXBuildFile; fileRef = 0127A9891B2CD0B60037BF4C /* ViewController.m */; };
		0127A98D1B2CD0B60037BF4C /* Main.storyboard in Resources */ = {isa = PBXBuildFile; fileRef = 0127A98B1B2CD0B60037BF4C /* Main.storyboard */; };
		0127A98F1B2CD0B60037BF4C /* Images.xcassets in Resources */ = {isa = PBXBuildFile; fileRef = 0127A98E1B2CD0B60037BF4C /* Images.xcassets */; };
		0127A9921B2CD0B60037BF4C /* LaunchScreen.xib in Resources */ = {isa = PBXBuildFile; fileRef = 0127A9901B2CD0B60037BF4C /* LaunchScreen.xib */; };
		0127A99E1B2CD0B60037BF4C /* uQuTests.m in Sources */ = {isa = PBXBuildFile; fileRef = 0127A99D1B2CD0B60037BF4C /* uQuTests.m */; };
		0127A9D61B2CD0F10037BF4C /* InterfaceController.m in Sources */ = {isa = PBXBuildFile; fileRef = 0127A9D51B2CD0F10037BF4C /* InterfaceController.m */; };
		0127A9D81B2CD0F10037BF4C /* Images.xcassets in Resources */ = {isa = PBXBuildFile; fileRef = 0127A9D71B2CD0F10037BF4C /* Images.xcassets */; };
		0127A9DC1B2CD0F10037BF4C /* uQu WatchKit App.app in Resources */ = {isa = PBXBuildFile; fileRef = 0127A9DB1B2CD0F10037BF4C /* uQu WatchKit App.app */; };
		0127A9E41B2CD0F10037BF4C /* Interface.storyboard in Resources */ = {isa = PBXBuildFile; fileRef = 0127A9E21B2CD0F10037BF4C /* Interface.storyboard */; };
		0127A9E61B2CD0F10037BF4C /* Images.xcassets in Resources */ = {isa = PBXBuildFile; fileRef = 0127A9E51B2CD0F10037BF4C /* Images.xcassets */; };
		0127A9E91B2CD0F10037BF4C /* uQu WatchKit Extension.appex in Embed App Extensions */ = {isa = PBXBuildFile; fileRef = 0127A9D01B2CD0F10037BF4C /* uQu WatchKit Extension.appex */; settings = {ATTRIBUTES = (RemoveHeadersOnCopy, ); }; };
		016CC6E61B2CE015008CC6C4 /* CreateQuestionViewController.m in Sources */ = {isa = PBXBuildFile; fileRef = 016CC6E51B2CE015008CC6C4 /* CreateQuestionViewController.m */; };
		016CC6E91B2CEB55008CC6C4 /* NSDate+QUTAdditions.m in Sources */ = {isa = PBXBuildFile; fileRef = 016CC6C71B2CD48A008CC6C4 /* NSDate+QUTAdditions.m */; };
		016CC6EA1B2CEB55008CC6C4 /* NSDictionary+QUTADDITIONS.m in Sources */ = {isa = PBXBuildFile; fileRef = 016CC6C91B2CD48A008CC6C4 /* NSDictionary+QUTADDITIONS.m */; };
		016CC6EB1B2CEB55008CC6C4 /* QUTAnswer.m in Sources */ = {isa = PBXBuildFile; fileRef = 016CC6CB1B2CD48A008CC6C4 /* QUTAnswer.m */; };
		016CC6EC1B2CEB55008CC6C4 /* QUTBaseModel.m in Sources */ = {isa = PBXBuildFile; fileRef = 016CC6CD1B2CD48A008CC6C4 /* QUTBaseModel.m */; };
		016CC6ED1B2CEB55008CC6C4 /* QUTQuestion.m in Sources */ = {isa = PBXBuildFile; fileRef = 016CC6CF1B2CD48A008CC6C4 /* QUTQuestion.m */; };
		016CC6EE1B2CEB55008CC6C4 /* SFAPIClient.m in Sources */ = {isa = PBXBuildFile; fileRef = 016CC6D11B2CD48A008CC6C4 /* SFAPIClient.m */; };
		016CC6EF1B2CEB55008CC6C4 /* SFRestRequest+QUTAdditions.m in Sources */ = {isa = PBXBuildFile; fileRef = 016CC6D31B2CD48A008CC6C4 /* SFRestRequest+QUTAdditions.m */; };
		016CC6F11B2CEBE3008CC6C4 /* MapKit.framework in Frameworks */ = {isa = PBXBuildFile; fileRef = 016CC6F01B2CEBE3008CC6C4 /* MapKit.framework */; };
		016CC6F41B2CF37F008CC6C4 /* NewQuestionInterfaceController.m in Sources */ = {isa = PBXBuildFile; fileRef = 016CC6F31B2CF37F008CC6C4 /* NewQuestionInterfaceController.m */; };
		01B6F2071B2DA2D500375B46 /* QuestionTableViewCell.m in Sources */ = {isa = PBXBuildFile; fileRef = 01B6F2061B2DA2D500375B46 /* QuestionTableViewCell.m */; };
		01F967811B2D17BD0059C199 /* WKQuestionRow.m in Sources */ = {isa = PBXBuildFile; fileRef = 01F967801B2D17BD0059C199 /* WKQuestionRow.m */; };
		01F967841B2D82E60059C199 /* QuestionInterfaceController.m in Sources */ = {isa = PBXBuildFile; fileRef = 01F967831B2D82E60059C199 /* QuestionInterfaceController.m */; };
		4902A5311B2D8A8500F1026E /* QUTPollingManager.m in Sources */ = {isa = PBXBuildFile; fileRef = 4902A5301B2D8A8500F1026E /* QUTPollingManager.m */; };
		493D4C501B2CF73500084D2D /* QUTLocationManager.m in Sources */ = {isa = PBXBuildFile; fileRef = 493D4C4F1B2CF73500084D2D /* QUTLocationManager.m */; };
		BC1C0E4FD3E425FC9E2441E6 /* libPods-uQu.a in Frameworks */ = {isa = PBXBuildFile; fileRef = 27570755734974408AC24305 /* libPods-uQu.a */; };
/* End PBXBuildFile section */

/* Begin PBXContainerItemProxy section */
		0127A9981B2CD0B60037BF4C /* PBXContainerItemProxy */ = {
			isa = PBXContainerItemProxy;
			containerPortal = 0127A9761B2CD0B60037BF4C /* Project object */;
			proxyType = 1;
			remoteGlobalIDString = 0127A97D1B2CD0B60037BF4C;
			remoteInfo = uQu;
		};
		0127A9DD1B2CD0F10037BF4C /* PBXContainerItemProxy */ = {
			isa = PBXContainerItemProxy;
			containerPortal = 0127A9761B2CD0B60037BF4C /* Project object */;
			proxyType = 1;
			remoteGlobalIDString = 0127A9DA1B2CD0F10037BF4C;
			remoteInfo = "uQu WatchKit App";
		};
		0127A9E71B2CD0F10037BF4C /* PBXContainerItemProxy */ = {
			isa = PBXContainerItemProxy;
			containerPortal = 0127A9761B2CD0B60037BF4C /* Project object */;
			proxyType = 1;
			remoteGlobalIDString = 0127A9CF1B2CD0F10037BF4C;
			remoteInfo = "uQu WatchKit Extension";
		};
/* End PBXContainerItemProxy section */

/* Begin PBXCopyFilesBuildPhase section */
		0127A9C81B2CD0D20037BF4C /* Embed Frameworks */ = {
			isa = PBXCopyFilesBuildPhase;
			buildActionMask = 2147483647;
			dstPath = "";
			dstSubfolderSpec = 10;
			files = (
			);
			name = "Embed Frameworks";
			runOnlyForDeploymentPostprocessing = 0;
		};
		0127A9F01B2CD0F10037BF4C /* Embed App Extensions */ = {
			isa = PBXCopyFilesBuildPhase;
			buildActionMask = 2147483647;
			dstPath = "";
			dstSubfolderSpec = 13;
			files = (
				0127A9E91B2CD0F10037BF4C /* uQu WatchKit Extension.appex in Embed App Extensions */,
			);
			name = "Embed App Extensions";
			runOnlyForDeploymentPostprocessing = 0;
		};
/* End PBXCopyFilesBuildPhase section */

/* Begin PBXFileReference section */
		0127A97E1B2CD0B60037BF4C /* uQu.app */ = {isa = PBXFileReference; explicitFileType = wrapper.application; includeInIndex = 0; path = uQu.app; sourceTree = BUILT_PRODUCTS_DIR; };
		0127A9821B2CD0B60037BF4C /* Info.plist */ = {isa = PBXFileReference; lastKnownFileType = text.plist.xml; path = Info.plist; sourceTree = "<group>"; };
		0127A9831B2CD0B60037BF4C /* main.m */ = {isa = PBXFileReference; lastKnownFileType = sourcecode.c.objc; path = main.m; sourceTree = "<group>"; };
		0127A9851B2CD0B60037BF4C /* AppDelegate.h */ = {isa = PBXFileReference; lastKnownFileType = sourcecode.c.h; path = AppDelegate.h; sourceTree = "<group>"; };
		0127A9861B2CD0B60037BF4C /* AppDelegate.m */ = {isa = PBXFileReference; lastKnownFileType = sourcecode.c.objc; path = AppDelegate.m; sourceTree = "<group>"; };
		0127A9881B2CD0B60037BF4C /* ViewController.h */ = {isa = PBXFileReference; lastKnownFileType = sourcecode.c.h; path = ViewController.h; sourceTree = "<group>"; };
		0127A9891B2CD0B60037BF4C /* ViewController.m */ = {isa = PBXFileReference; lastKnownFileType = sourcecode.c.objc; path = ViewController.m; sourceTree = "<group>"; };
		0127A98C1B2CD0B60037BF4C /* Base */ = {isa = PBXFileReference; lastKnownFileType = file.storyboard; name = Base; path = Base.lproj/Main.storyboard; sourceTree = "<group>"; };
		0127A98E1B2CD0B60037BF4C /* Images.xcassets */ = {isa = PBXFileReference; lastKnownFileType = folder.assetcatalog; path = Images.xcassets; sourceTree = "<group>"; };
		0127A9911B2CD0B60037BF4C /* Base */ = {isa = PBXFileReference; lastKnownFileType = file.xib; name = Base; path = Base.lproj/LaunchScreen.xib; sourceTree = "<group>"; };
		0127A9971B2CD0B60037BF4C /* uQuTests.xctest */ = {isa = PBXFileReference; explicitFileType = wrapper.cfbundle; includeInIndex = 0; path = uQuTests.xctest; sourceTree = BUILT_PRODUCTS_DIR; };
		0127A99C1B2CD0B60037BF4C /* Info.plist */ = {isa = PBXFileReference; lastKnownFileType = text.plist.xml; path = Info.plist; sourceTree = "<group>"; };
		0127A99D1B2CD0B60037BF4C /* uQuTests.m */ = {isa = PBXFileReference; lastKnownFileType = sourcecode.c.objc; path = uQuTests.m; sourceTree = "<group>"; };
		0127A9BE1B2CD0D20037BF4C /* Info.plist */ = {isa = PBXFileReference; lastKnownFileType = text.plist.xml; path = Info.plist; sourceTree = "<group>"; };
		0127A9BF1B2CD0D20037BF4C /* uQuKitTests.m */ = {isa = PBXFileReference; lastKnownFileType = sourcecode.c.objc; path = uQuKitTests.m; sourceTree = "<group>"; };
		0127A9D01B2CD0F10037BF4C /* uQu WatchKit Extension.appex */ = {isa = PBXFileReference; explicitFileType = "wrapper.app-extension"; includeInIndex = 0; path = "uQu WatchKit Extension.appex"; sourceTree = BUILT_PRODUCTS_DIR; };
		0127A9D31B2CD0F10037BF4C /* Info.plist */ = {isa = PBXFileReference; lastKnownFileType = text.plist.xml; path = Info.plist; sourceTree = "<group>"; };
		0127A9D41B2CD0F10037BF4C /* InterfaceController.h */ = {isa = PBXFileReference; lastKnownFileType = sourcecode.c.h; path = InterfaceController.h; sourceTree = "<group>"; };
		0127A9D51B2CD0F10037BF4C /* InterfaceController.m */ = {isa = PBXFileReference; lastKnownFileType = sourcecode.c.objc; path = InterfaceController.m; sourceTree = "<group>"; };
		0127A9D71B2CD0F10037BF4C /* Images.xcassets */ = {isa = PBXFileReference; lastKnownFileType = folder.assetcatalog; path = Images.xcassets; sourceTree = "<group>"; };
		0127A9DB1B2CD0F10037BF4C /* uQu WatchKit App.app */ = {isa = PBXFileReference; explicitFileType = wrapper.application; includeInIndex = 0; path = "uQu WatchKit App.app"; sourceTree = BUILT_PRODUCTS_DIR; };
		0127A9E11B2CD0F10037BF4C /* Info.plist */ = {isa = PBXFileReference; lastKnownFileType = text.plist.xml; path = Info.plist; sourceTree = "<group>"; };
		0127A9E31B2CD0F10037BF4C /* Base */ = {isa = PBXFileReference; lastKnownFileType = file.storyboard; name = Base; path = Base.lproj/Interface.storyboard; sourceTree = "<group>"; };
		0127A9E51B2CD0F10037BF4C /* Images.xcassets */ = {isa = PBXFileReference; lastKnownFileType = folder.assetcatalog; path = Images.xcassets; sourceTree = "<group>"; };
		016CC6C61B2CD48A008CC6C4 /* NSDate+QUTAdditions.h */ = {isa = PBXFileReference; fileEncoding = 4; lastKnownFileType = sourcecode.c.h; path = "NSDate+QUTAdditions.h"; sourceTree = "<group>"; };
		016CC6C71B2CD48A008CC6C4 /* NSDate+QUTAdditions.m */ = {isa = PBXFileReference; fileEncoding = 4; lastKnownFileType = sourcecode.c.objc; path = "NSDate+QUTAdditions.m"; sourceTree = "<group>"; };
		016CC6C81B2CD48A008CC6C4 /* NSDictionary+QUTADDITIONS.h */ = {isa = PBXFileReference; fileEncoding = 4; lastKnownFileType = sourcecode.c.h; path = "NSDictionary+QUTADDITIONS.h"; sourceTree = "<group>"; };
		016CC6C91B2CD48A008CC6C4 /* NSDictionary+QUTADDITIONS.m */ = {isa = PBXFileReference; fileEncoding = 4; lastKnownFileType = sourcecode.c.objc; path = "NSDictionary+QUTADDITIONS.m"; sourceTree = "<group>"; };
		016CC6CA1B2CD48A008CC6C4 /* QUTAnswer.h */ = {isa = PBXFileReference; fileEncoding = 4; lastKnownFileType = sourcecode.c.h; path = QUTAnswer.h; sourceTree = "<group>"; };
		016CC6CB1B2CD48A008CC6C4 /* QUTAnswer.m */ = {isa = PBXFileReference; fileEncoding = 4; lastKnownFileType = sourcecode.c.objc; path = QUTAnswer.m; sourceTree = "<group>"; };
		016CC6CC1B2CD48A008CC6C4 /* QUTBaseModel.h */ = {isa = PBXFileReference; fileEncoding = 4; lastKnownFileType = sourcecode.c.h; path = QUTBaseModel.h; sourceTree = "<group>"; };
		016CC6CD1B2CD48A008CC6C4 /* QUTBaseModel.m */ = {isa = PBXFileReference; fileEncoding = 4; lastKnownFileType = sourcecode.c.objc; path = QUTBaseModel.m; sourceTree = "<group>"; };
		016CC6CE1B2CD48A008CC6C4 /* QUTQuestion.h */ = {isa = PBXFileReference; fileEncoding = 4; lastKnownFileType = sourcecode.c.h; path = QUTQuestion.h; sourceTree = "<group>"; };
		016CC6CF1B2CD48A008CC6C4 /* QUTQuestion.m */ = {isa = PBXFileReference; fileEncoding = 4; lastKnownFileType = sourcecode.c.objc; path = QUTQuestion.m; sourceTree = "<group>"; };
		016CC6D01B2CD48A008CC6C4 /* SFAPIClient.h */ = {isa = PBXFileReference; fileEncoding = 4; lastKnownFileType = sourcecode.c.h; path = SFAPIClient.h; sourceTree = "<group>"; };
		016CC6D11B2CD48A008CC6C4 /* SFAPIClient.m */ = {isa = PBXFileReference; fileEncoding = 4; lastKnownFileType = sourcecode.c.objc; path = SFAPIClient.m; sourceTree = "<group>"; };
		016CC6D21B2CD48A008CC6C4 /* SFRestRequest+QUTAdditions.h */ = {isa = PBXFileReference; fileEncoding = 4; lastKnownFileType = sourcecode.c.h; path = "SFRestRequest+QUTAdditions.h"; sourceTree = "<group>"; };
		016CC6D31B2CD48A008CC6C4 /* SFRestRequest+QUTAdditions.m */ = {isa = PBXFileReference; fileEncoding = 4; lastKnownFileType = sourcecode.c.objc; path = "SFRestRequest+QUTAdditions.m"; sourceTree = "<group>"; };
		016CC6E21B2CDF59008CC6C4 /* Macros.h */ = {isa = PBXFileReference; fileEncoding = 4; lastKnownFileType = sourcecode.c.h; path = Macros.h; sourceTree = "<group>"; };
		016CC6E41B2CE015008CC6C4 /* CreateQuestionViewController.h */ = {isa = PBXFileReference; fileEncoding = 4; lastKnownFileType = sourcecode.c.h; path = CreateQuestionViewController.h; sourceTree = "<group>"; };
		016CC6E51B2CE015008CC6C4 /* CreateQuestionViewController.m */ = {isa = PBXFileReference; fileEncoding = 4; lastKnownFileType = sourcecode.c.objc; path = CreateQuestionViewController.m; sourceTree = "<group>"; };
		016CC6E71B2CE154008CC6C4 /* libPods-uQuKit-SalesforceMobileSDK-iOS.a */ = {isa = PBXFileReference; lastKnownFileType = archive.ar; name = "libPods-uQuKit-SalesforceMobileSDK-iOS.a"; path = "Pods/../build/Debug-iphoneos/libPods-uQuKit-SalesforceMobileSDK-iOS.a"; sourceTree = "<group>"; };
		016CC6F01B2CEBE3008CC6C4 /* MapKit.framework */ = {isa = PBXFileReference; lastKnownFileType = wrapper.framework; name = MapKit.framework; path = System/Library/Frameworks/MapKit.framework; sourceTree = SDKROOT; };
		016CC6F21B2CF37F008CC6C4 /* NewQuestionInterfaceController.h */ = {isa = PBXFileReference; fileEncoding = 4; lastKnownFileType = sourcecode.c.h; path = NewQuestionInterfaceController.h; sourceTree = "<group>"; };
		016CC6F31B2CF37F008CC6C4 /* NewQuestionInterfaceController.m */ = {isa = PBXFileReference; fileEncoding = 4; lastKnownFileType = sourcecode.c.objc; path = NewQuestionInterfaceController.m; sourceTree = "<group>"; };
		01B6F2051B2DA2D500375B46 /* QuestionTableViewCell.h */ = {isa = PBXFileReference; fileEncoding = 4; lastKnownFileType = sourcecode.c.h; path = QuestionTableViewCell.h; sourceTree = "<group>"; };
		01B6F2061B2DA2D500375B46 /* QuestionTableViewCell.m */ = {isa = PBXFileReference; fileEncoding = 4; lastKnownFileType = sourcecode.c.objc; path = QuestionTableViewCell.m; sourceTree = "<group>"; };
		01F9677F1B2D17BD0059C199 /* WKQuestionRow.h */ = {isa = PBXFileReference; fileEncoding = 4; lastKnownFileType = sourcecode.c.h; path = WKQuestionRow.h; sourceTree = "<group>"; };
		01F967801B2D17BD0059C199 /* WKQuestionRow.m */ = {isa = PBXFileReference; fileEncoding = 4; lastKnownFileType = sourcecode.c.objc; path = WKQuestionRow.m; sourceTree = "<group>"; };
		01F967821B2D82E60059C199 /* QuestionInterfaceController.h */ = {isa = PBXFileReference; fileEncoding = 4; lastKnownFileType = sourcecode.c.h; path = QuestionInterfaceController.h; sourceTree = "<group>"; };
		01F967831B2D82E60059C199 /* QuestionInterfaceController.m */ = {isa = PBXFileReference; fileEncoding = 4; lastKnownFileType = sourcecode.c.objc; path = QuestionInterfaceController.m; sourceTree = "<group>"; };
		0CCE1BCA182CBC872A85A98E /* Pods-uQu.debug.xcconfig */ = {isa = PBXFileReference; includeInIndex = 1; lastKnownFileType = text.xcconfig; name = "Pods-uQu.debug.xcconfig"; path = "Pods/Target Support Files/Pods-uQu/Pods-uQu.debug.xcconfig"; sourceTree = "<group>"; };
		25284F5CBAD7A36FA0C15C0C /* Pods-uQu.release.xcconfig */ = {isa = PBXFileReference; includeInIndex = 1; lastKnownFileType = text.xcconfig; name = "Pods-uQu.release.xcconfig"; path = "Pods/Target Support Files/Pods-uQu/Pods-uQu.release.xcconfig"; sourceTree = "<group>"; };
		27570755734974408AC24305 /* libPods-uQu.a */ = {isa = PBXFileReference; explicitFileType = archive.ar; includeInIndex = 0; path = "libPods-uQu.a"; sourceTree = BUILT_PRODUCTS_DIR; };
		4902A52F1B2D8A8500F1026E /* QUTPollingManager.h */ = {isa = PBXFileReference; fileEncoding = 4; lastKnownFileType = sourcecode.c.h; path = QUTPollingManager.h; sourceTree = "<group>"; };
		4902A5301B2D8A8500F1026E /* QUTPollingManager.m */ = {isa = PBXFileReference; fileEncoding = 4; lastKnownFileType = sourcecode.c.objc; path = QUTPollingManager.m; sourceTree = "<group>"; };
		493D4C4E1B2CF73500084D2D /* QUTLocationManager.h */ = {isa = PBXFileReference; fileEncoding = 4; lastKnownFileType = sourcecode.c.h; path = QUTLocationManager.h; sourceTree = "<group>"; };
		493D4C4F1B2CF73500084D2D /* QUTLocationManager.m */ = {isa = PBXFileReference; fileEncoding = 4; lastKnownFileType = sourcecode.c.objc; path = QUTLocationManager.m; sourceTree = "<group>"; };
		56E402030CC8E2A5A02B9A7D /* libPods-uQuKit.a */ = {isa = PBXFileReference; explicitFileType = archive.ar; includeInIndex = 0; path = "libPods-uQuKit.a"; sourceTree = BUILT_PRODUCTS_DIR; };
		C7C95EEB3CF052A1CE79DA40 /* Pods-uQuKit.release.xcconfig */ = {isa = PBXFileReference; includeInIndex = 1; lastKnownFileType = text.xcconfig; name = "Pods-uQuKit.release.xcconfig"; path = "Pods/Target Support Files/Pods-uQuKit/Pods-uQuKit.release.xcconfig"; sourceTree = "<group>"; };
		ED919E9DE2823DB27A7B98C0 /* Pods-uQuKit.debug.xcconfig */ = {isa = PBXFileReference; includeInIndex = 1; lastKnownFileType = text.xcconfig; name = "Pods-uQuKit.debug.xcconfig"; path = "Pods/Target Support Files/Pods-uQuKit/Pods-uQuKit.debug.xcconfig"; sourceTree = "<group>"; };
/* End PBXFileReference section */

/* Begin PBXFrameworksBuildPhase section */
		0127A97B1B2CD0B60037BF4C /* Frameworks */ = {
			isa = PBXFrameworksBuildPhase;
			buildActionMask = 2147483647;
			files = (
				016CC6F11B2CEBE3008CC6C4 /* MapKit.framework in Frameworks */,
				BC1C0E4FD3E425FC9E2441E6 /* libPods-uQu.a in Frameworks */,
			);
			runOnlyForDeploymentPostprocessing = 0;
		};
		0127A9941B2CD0B60037BF4C /* Frameworks */ = {
			isa = PBXFrameworksBuildPhase;
			buildActionMask = 2147483647;
			files = (
			);
			runOnlyForDeploymentPostprocessing = 0;
		};
		0127A9CD1B2CD0F10037BF4C /* Frameworks */ = {
			isa = PBXFrameworksBuildPhase;
			buildActionMask = 2147483647;
			files = (
			);
			runOnlyForDeploymentPostprocessing = 0;
		};
/* End PBXFrameworksBuildPhase section */

/* Begin PBXGroup section */
		0127A9751B2CD0B60037BF4C = {
			isa = PBXGroup;
			children = (
				0127A9801B2CD0B60037BF4C /* uQu */,
				0127A99A1B2CD0B60037BF4C /* uQuTests */,
				0127A9AD1B2CD0D10037BF4C /* uQuKit */,
				0127A9BC1B2CD0D20037BF4C /* uQuKitTests */,
				0127A9D11B2CD0F10037BF4C /* uQu WatchKit Extension */,
				0127A9DF1B2CD0F10037BF4C /* uQu WatchKit App */,
				0127A97F1B2CD0B60037BF4C /* Products */,
				4E7A2DD9EDE523E006B01B5B /* Pods */,
				78CB807D4E1AF17182300AEA /* Frameworks */,
			);
			sourceTree = "<group>";
		};
		0127A97F1B2CD0B60037BF4C /* Products */ = {
			isa = PBXGroup;
			children = (
				0127A97E1B2CD0B60037BF4C /* uQu.app */,
				0127A9971B2CD0B60037BF4C /* uQuTests.xctest */,
				0127A9D01B2CD0F10037BF4C /* uQu WatchKit Extension.appex */,
				0127A9DB1B2CD0F10037BF4C /* uQu WatchKit App.app */,
			);
			name = Products;
			sourceTree = "<group>";
		};
		0127A9801B2CD0B60037BF4C /* uQu */ = {
			isa = PBXGroup;
			children = (
				016CC6E41B2CE015008CC6C4 /* CreateQuestionViewController.h */,
				016CC6E51B2CE015008CC6C4 /* CreateQuestionViewController.m */,
				0127A9851B2CD0B60037BF4C /* AppDelegate.h */,
				0127A9861B2CD0B60037BF4C /* AppDelegate.m */,
				0127A9881B2CD0B60037BF4C /* ViewController.h */,
				0127A9891B2CD0B60037BF4C /* ViewController.m */,
				0127A98B1B2CD0B60037BF4C /* Main.storyboard */,
				0127A98E1B2CD0B60037BF4C /* Images.xcassets */,
				0127A9901B2CD0B60037BF4C /* LaunchScreen.xib */,
				0127A9811B2CD0B60037BF4C /* Supporting Files */,
				4902A52F1B2D8A8500F1026E /* QUTPollingManager.h */,
				4902A5301B2D8A8500F1026E /* QUTPollingManager.m */,
				01B6F2051B2DA2D500375B46 /* QuestionTableViewCell.h */,
				01B6F2061B2DA2D500375B46 /* QuestionTableViewCell.m */,
			);
			path = uQu;
			sourceTree = "<group>";
		};
		0127A9811B2CD0B60037BF4C /* Supporting Files */ = {
			isa = PBXGroup;
			children = (
				0127A9821B2CD0B60037BF4C /* Info.plist */,
				0127A9831B2CD0B60037BF4C /* main.m */,
			);
			name = "Supporting Files";
			sourceTree = "<group>";
		};
		0127A99A1B2CD0B60037BF4C /* uQuTests */ = {
			isa = PBXGroup;
			children = (
				0127A99D1B2CD0B60037BF4C /* uQuTests.m */,
				0127A99B1B2CD0B60037BF4C /* Supporting Files */,
			);
			path = uQuTests;
			sourceTree = "<group>";
		};
		0127A99B1B2CD0B60037BF4C /* Supporting Files */ = {
			isa = PBXGroup;
			children = (
				0127A99C1B2CD0B60037BF4C /* Info.plist */,
			);
			name = "Supporting Files";
			sourceTree = "<group>";
		};
		0127A9AD1B2CD0D10037BF4C /* uQuKit */ = {
			isa = PBXGroup;
			children = (
				493D4C4D1B2CF71400084D2D /* Location */,
				016CC6E21B2CDF59008CC6C4 /* Macros.h */,
				016CC6C61B2CD48A008CC6C4 /* NSDate+QUTAdditions.h */,
				016CC6C71B2CD48A008CC6C4 /* NSDate+QUTAdditions.m */,
				016CC6C81B2CD48A008CC6C4 /* NSDictionary+QUTADDITIONS.h */,
				016CC6C91B2CD48A008CC6C4 /* NSDictionary+QUTADDITIONS.m */,
				016CC6CA1B2CD48A008CC6C4 /* QUTAnswer.h */,
				016CC6CB1B2CD48A008CC6C4 /* QUTAnswer.m */,
				016CC6CC1B2CD48A008CC6C4 /* QUTBaseModel.h */,
				016CC6CD1B2CD48A008CC6C4 /* QUTBaseModel.m */,
				016CC6CE1B2CD48A008CC6C4 /* QUTQuestion.h */,
				016CC6CF1B2CD48A008CC6C4 /* QUTQuestion.m */,
				016CC6D01B2CD48A008CC6C4 /* SFAPIClient.h */,
				016CC6D11B2CD48A008CC6C4 /* SFAPIClient.m */,
				016CC6D21B2CD48A008CC6C4 /* SFRestRequest+QUTAdditions.h */,
				016CC6D31B2CD48A008CC6C4 /* SFRestRequest+QUTAdditions.m */,
			);
			path = uQuKit;
			sourceTree = "<group>";
		};
		0127A9BC1B2CD0D20037BF4C /* uQuKitTests */ = {
			isa = PBXGroup;
			children = (
				0127A9BF1B2CD0D20037BF4C /* uQuKitTests.m */,
				0127A9BD1B2CD0D20037BF4C /* Supporting Files */,
			);
			path = uQuKitTests;
			sourceTree = "<group>";
		};
		0127A9BD1B2CD0D20037BF4C /* Supporting Files */ = {
			isa = PBXGroup;
			children = (
				0127A9BE1B2CD0D20037BF4C /* Info.plist */,
			);
			name = "Supporting Files";
			sourceTree = "<group>";
		};
		0127A9D11B2CD0F10037BF4C /* uQu WatchKit Extension */ = {
			isa = PBXGroup;
			children = (
				01F9677F1B2D17BD0059C199 /* WKQuestionRow.h */,
				01F967801B2D17BD0059C199 /* WKQuestionRow.m */,
				016CC6F21B2CF37F008CC6C4 /* NewQuestionInterfaceController.h */,
				016CC6F31B2CF37F008CC6C4 /* NewQuestionInterfaceController.m */,
				0127A9D41B2CD0F10037BF4C /* InterfaceController.h */,
				0127A9D51B2CD0F10037BF4C /* InterfaceController.m */,
				0127A9D71B2CD0F10037BF4C /* Images.xcassets */,
				0127A9D21B2CD0F10037BF4C /* Supporting Files */,
				01F967821B2D82E60059C199 /* QuestionInterfaceController.h */,
				01F967831B2D82E60059C199 /* QuestionInterfaceController.m */,
			);
			path = "uQu WatchKit Extension";
			sourceTree = "<group>";
		};
		0127A9D21B2CD0F10037BF4C /* Supporting Files */ = {
			isa = PBXGroup;
			children = (
				0127A9D31B2CD0F10037BF4C /* Info.plist */,
			);
			name = "Supporting Files";
			sourceTree = "<group>";
		};
		0127A9DF1B2CD0F10037BF4C /* uQu WatchKit App */ = {
			isa = PBXGroup;
			children = (
				0127A9E21B2CD0F10037BF4C /* Interface.storyboard */,
				0127A9E51B2CD0F10037BF4C /* Images.xcassets */,
				0127A9E01B2CD0F10037BF4C /* Supporting Files */,
			);
			path = "uQu WatchKit App";
			sourceTree = "<group>";
		};
		0127A9E01B2CD0F10037BF4C /* Supporting Files */ = {
			isa = PBXGroup;
			children = (
				0127A9E11B2CD0F10037BF4C /* Info.plist */,
			);
			name = "Supporting Files";
			sourceTree = "<group>";
		};
		493D4C4D1B2CF71400084D2D /* Location */ = {
			isa = PBXGroup;
			children = (
				493D4C4E1B2CF73500084D2D /* QUTLocationManager.h */,
				493D4C4F1B2CF73500084D2D /* QUTLocationManager.m */,
			);
			name = Location;
			sourceTree = "<group>";
		};
		4E7A2DD9EDE523E006B01B5B /* Pods */ = {
			isa = PBXGroup;
			children = (
				ED919E9DE2823DB27A7B98C0 /* Pods-uQuKit.debug.xcconfig */,
				C7C95EEB3CF052A1CE79DA40 /* Pods-uQuKit.release.xcconfig */,
				0CCE1BCA182CBC872A85A98E /* Pods-uQu.debug.xcconfig */,
				25284F5CBAD7A36FA0C15C0C /* Pods-uQu.release.xcconfig */,
			);
			name = Pods;
			sourceTree = "<group>";
		};
		78CB807D4E1AF17182300AEA /* Frameworks */ = {
			isa = PBXGroup;
			children = (
				016CC6F01B2CEBE3008CC6C4 /* MapKit.framework */,
				016CC6E71B2CE154008CC6C4 /* libPods-uQuKit-SalesforceMobileSDK-iOS.a */,
				56E402030CC8E2A5A02B9A7D /* libPods-uQuKit.a */,
				27570755734974408AC24305 /* libPods-uQu.a */,
			);
			name = Frameworks;
			sourceTree = "<group>";
		};
/* End PBXGroup section */

/* Begin PBXNativeTarget section */
		0127A97D1B2CD0B60037BF4C /* uQu */ = {
			isa = PBXNativeTarget;
			buildConfigurationList = 0127A9A11B2CD0B60037BF4C /* Build configuration list for PBXNativeTarget "uQu" */;
			buildPhases = (
				69B397444AF47C2C3473F6C8 /* Check Pods Manifest.lock */,
				0127A97A1B2CD0B60037BF4C /* Sources */,
				0127A97B1B2CD0B60037BF4C /* Frameworks */,
				0127A97C1B2CD0B60037BF4C /* Resources */,
				0127A9C81B2CD0D20037BF4C /* Embed Frameworks */,
				0127A9F01B2CD0F10037BF4C /* Embed App Extensions */,
				9516B840CE5AE2C8195F684D /* Copy Pods Resources */,
			);
			buildRules = (
			);
			dependencies = (
				0127A9E81B2CD0F10037BF4C /* PBXTargetDependency */,
			);
			name = uQu;
			productName = uQu;
			productReference = 0127A97E1B2CD0B60037BF4C /* uQu.app */;
			productType = "com.apple.product-type.application";
		};
		0127A9961B2CD0B60037BF4C /* uQuTests */ = {
			isa = PBXNativeTarget;
			buildConfigurationList = 0127A9A41B2CD0B60037BF4C /* Build configuration list for PBXNativeTarget "uQuTests" */;
			buildPhases = (
				0127A9931B2CD0B60037BF4C /* Sources */,
				0127A9941B2CD0B60037BF4C /* Frameworks */,
				0127A9951B2CD0B60037BF4C /* Resources */,
			);
			buildRules = (
			);
			dependencies = (
				0127A9991B2CD0B60037BF4C /* PBXTargetDependency */,
			);
			name = uQuTests;
			productName = uQuTests;
			productReference = 0127A9971B2CD0B60037BF4C /* uQuTests.xctest */;
			productType = "com.apple.product-type.bundle.unit-test";
		};
		0127A9CF1B2CD0F10037BF4C /* uQu WatchKit Extension */ = {
			isa = PBXNativeTarget;
			buildConfigurationList = 0127A9ED1B2CD0F10037BF4C /* Build configuration list for PBXNativeTarget "uQu WatchKit Extension" */;
			buildPhases = (
				0127A9CC1B2CD0F10037BF4C /* Sources */,
				0127A9CD1B2CD0F10037BF4C /* Frameworks */,
				0127A9CE1B2CD0F10037BF4C /* Resources */,
			);
			buildRules = (
			);
			dependencies = (
				0127A9DE1B2CD0F10037BF4C /* PBXTargetDependency */,
			);
			name = "uQu WatchKit Extension";
			productName = "uQu WatchKit Extension";
			productReference = 0127A9D01B2CD0F10037BF4C /* uQu WatchKit Extension.appex */;
			productType = "com.apple.product-type.watchkit-extension";
		};
		0127A9DA1B2CD0F10037BF4C /* uQu WatchKit App */ = {
			isa = PBXNativeTarget;
			buildConfigurationList = 0127A9EA1B2CD0F10037BF4C /* Build configuration list for PBXNativeTarget "uQu WatchKit App" */;
			buildPhases = (
				0127A9D91B2CD0F10037BF4C /* Resources */,
			);
			buildRules = (
			);
			dependencies = (
			);
			name = "uQu WatchKit App";
			productName = "uQu WatchKit App";
			productReference = 0127A9DB1B2CD0F10037BF4C /* uQu WatchKit App.app */;
			productType = "com.apple.product-type.application.watchapp";
		};
/* End PBXNativeTarget section */

/* Begin PBXProject section */
		0127A9761B2CD0B60037BF4C /* Project object */ = {
			isa = PBXProject;
			attributes = {
				LastUpgradeCheck = 0630;
				ORGANIZATIONNAME = "Cookie Monster";
				TargetAttributes = {
					0127A97D1B2CD0B60037BF4C = {
						CreatedOnToolsVersion = 6.3.2;
					};
					0127A9961B2CD0B60037BF4C = {
						CreatedOnToolsVersion = 6.3.2;
						TestTargetID = 0127A97D1B2CD0B60037BF4C;
					};
					0127A9CF1B2CD0F10037BF4C = {
						CreatedOnToolsVersion = 6.3.2;
					};
					0127A9DA1B2CD0F10037BF4C = {
						CreatedOnToolsVersion = 6.3.2;
						DevelopmentTeam = 7KDR6KB4TP;
					};
				};
			};
			buildConfigurationList = 0127A9791B2CD0B60037BF4C /* Build configuration list for PBXProject "uQu" */;
			compatibilityVersion = "Xcode 3.2";
			developmentRegion = English;
			hasScannedForEncodings = 0;
			knownRegions = (
				en,
				Base,
			);
			mainGroup = 0127A9751B2CD0B60037BF4C;
			productRefGroup = 0127A97F1B2CD0B60037BF4C /* Products */;
			projectDirPath = "";
			projectRoot = "";
			targets = (
				0127A97D1B2CD0B60037BF4C /* uQu */,
				0127A9961B2CD0B60037BF4C /* uQuTests */,
				0127A9CF1B2CD0F10037BF4C /* uQu WatchKit Extension */,
				0127A9DA1B2CD0F10037BF4C /* uQu WatchKit App */,
			);
		};
/* End PBXProject section */

/* Begin PBXResourcesBuildPhase section */
		0127A97C1B2CD0B60037BF4C /* Resources */ = {
			isa = PBXResourcesBuildPhase;
			buildActionMask = 2147483647;
			files = (
				0127A98D1B2CD0B60037BF4C /* Main.storyboard in Resources */,
				0127A9921B2CD0B60037BF4C /* LaunchScreen.xib in Resources */,
				0127A98F1B2CD0B60037BF4C /* Images.xcassets in Resources */,
			);
			runOnlyForDeploymentPostprocessing = 0;
		};
		0127A9951B2CD0B60037BF4C /* Resources */ = {
			isa = PBXResourcesBuildPhase;
			buildActionMask = 2147483647;
			files = (
			);
			runOnlyForDeploymentPostprocessing = 0;
		};
		0127A9CE1B2CD0F10037BF4C /* Resources */ = {
			isa = PBXResourcesBuildPhase;
			buildActionMask = 2147483647;
			files = (
				0127A9DC1B2CD0F10037BF4C /* uQu WatchKit App.app in Resources */,
				0127A9D81B2CD0F10037BF4C /* Images.xcassets in Resources */,
			);
			runOnlyForDeploymentPostprocessing = 0;
		};
		0127A9D91B2CD0F10037BF4C /* Resources */ = {
			isa = PBXResourcesBuildPhase;
			buildActionMask = 2147483647;
			files = (
				0127A9E41B2CD0F10037BF4C /* Interface.storyboard in Resources */,
				0127A9E61B2CD0F10037BF4C /* Images.xcassets in Resources */,
			);
			runOnlyForDeploymentPostprocessing = 0;
		};
/* End PBXResourcesBuildPhase section */

/* Begin PBXShellScriptBuildPhase section */
		69B397444AF47C2C3473F6C8 /* Check Pods Manifest.lock */ = {
			isa = PBXShellScriptBuildPhase;
			buildActionMask = 2147483647;
			files = (
			);
			inputPaths = (
			);
			name = "Check Pods Manifest.lock";
			outputPaths = (
			);
			runOnlyForDeploymentPostprocessing = 0;
			shellPath = /bin/sh;
			shellScript = "diff \"${PODS_ROOT}/../Podfile.lock\" \"${PODS_ROOT}/Manifest.lock\" > /dev/null\nif [[ $? != 0 ]] ; then\n    cat << EOM\nerror: The sandbox is not in sync with the Podfile.lock. Run 'pod install' or update your CocoaPods installation.\nEOM\n    exit 1\nfi\n";
			showEnvVarsInLog = 0;
		};
		9516B840CE5AE2C8195F684D /* Copy Pods Resources */ = {
			isa = PBXShellScriptBuildPhase;
			buildActionMask = 2147483647;
			files = (
			);
			inputPaths = (
			);
			name = "Copy Pods Resources";
			outputPaths = (
			);
			runOnlyForDeploymentPostprocessing = 0;
			shellPath = /bin/sh;
			shellScript = "\"${SRCROOT}/Pods/Target Support Files/Pods-uQu/Pods-uQu-resources.sh\"\n";
			showEnvVarsInLog = 0;
		};
/* End PBXShellScriptBuildPhase section */

/* Begin PBXSourcesBuildPhase section */
		0127A97A1B2CD0B60037BF4C /* Sources */ = {
			isa = PBXSourcesBuildPhase;
			buildActionMask = 2147483647;
			files = (
				016CC6E61B2CE015008CC6C4 /* CreateQuestionViewController.m in Sources */,
				493D4C501B2CF73500084D2D /* QUTLocationManager.m in Sources */,
				0127A98A1B2CD0B60037BF4C /* ViewController.m in Sources */,
				016CC6E91B2CEB55008CC6C4 /* NSDate+QUTAdditions.m in Sources */,
				016CC6EA1B2CEB55008CC6C4 /* NSDictionary+QUTADDITIONS.m in Sources */,
				016CC6EB1B2CEB55008CC6C4 /* QUTAnswer.m in Sources */,
				0127A9871B2CD0B60037BF4C /* AppDelegate.m in Sources */,
				016CC6EF1B2CEB55008CC6C4 /* SFRestRequest+QUTAdditions.m in Sources */,
				0127A9841B2CD0B60037BF4C /* main.m in Sources */,
				016CC6ED1B2CEB55008CC6C4 /* QUTQuestion.m in Sources */,
				016CC6EE1B2CEB55008CC6C4 /* SFAPIClient.m in Sources */,
				01B6F2071B2DA2D500375B46 /* QuestionTableViewCell.m in Sources */,
				4902A5311B2D8A8500F1026E /* QUTPollingManager.m in Sources */,
				016CC6EC1B2CEB55008CC6C4 /* QUTBaseModel.m in Sources */,
			);
			runOnlyForDeploymentPostprocessing = 0;
		};
		0127A9931B2CD0B60037BF4C /* Sources */ = {
			isa = PBXSourcesBuildPhase;
			buildActionMask = 2147483647;
			files = (
				0127A99E1B2CD0B60037BF4C /* uQuTests.m in Sources */,
			);
			runOnlyForDeploymentPostprocessing = 0;
		};
		0127A9CC1B2CD0F10037BF4C /* Sources */ = {
			isa = PBXSourcesBuildPhase;
			buildActionMask = 2147483647;
			files = (
				016CC6F41B2CF37F008CC6C4 /* NewQuestionInterfaceController.m in Sources */,
				01F967841B2D82E60059C199 /* QuestionInterfaceController.m in Sources */,
				01F967811B2D17BD0059C199 /* WKQuestionRow.m in Sources */,
				0127A9D61B2CD0F10037BF4C /* InterfaceController.m in Sources */,
			);
			runOnlyForDeploymentPostprocessing = 0;
		};
/* End PBXSourcesBuildPhase section */

/* Begin PBXTargetDependency section */
		0127A9991B2CD0B60037BF4C /* PBXTargetDependency */ = {
			isa = PBXTargetDependency;
			target = 0127A97D1B2CD0B60037BF4C /* uQu */;
			targetProxy = 0127A9981B2CD0B60037BF4C /* PBXContainerItemProxy */;
		};
		0127A9DE1B2CD0F10037BF4C /* PBXTargetDependency */ = {
			isa = PBXTargetDependency;
			target = 0127A9DA1B2CD0F10037BF4C /* uQu WatchKit App */;
			targetProxy = 0127A9DD1B2CD0F10037BF4C /* PBXContainerItemProxy */;
		};
		0127A9E81B2CD0F10037BF4C /* PBXTargetDependency */ = {
			isa = PBXTargetDependency;
			target = 0127A9CF1B2CD0F10037BF4C /* uQu WatchKit Extension */;
			targetProxy = 0127A9E71B2CD0F10037BF4C /* PBXContainerItemProxy */;
		};
/* End PBXTargetDependency section */

/* Begin PBXVariantGroup section */
		0127A98B1B2CD0B60037BF4C /* Main.storyboard */ = {
			isa = PBXVariantGroup;
			children = (
				0127A98C1B2CD0B60037BF4C /* Base */,
			);
			name = Main.storyboard;
			sourceTree = "<group>";
		};
		0127A9901B2CD0B60037BF4C /* LaunchScreen.xib */ = {
			isa = PBXVariantGroup;
			children = (
				0127A9911B2CD0B60037BF4C /* Base */,
			);
			name = LaunchScreen.xib;
			sourceTree = "<group>";
		};
		0127A9E21B2CD0F10037BF4C /* Interface.storyboard */ = {
			isa = PBXVariantGroup;
			children = (
				0127A9E31B2CD0F10037BF4C /* Base */,
			);
			name = Interface.storyboard;
			sourceTree = "<group>";
		};
/* End PBXVariantGroup section */

/* Begin XCBuildConfiguration section */
		0127A99F1B2CD0B60037BF4C /* Debug */ = {
			isa = XCBuildConfiguration;
			buildSettings = {
				ALWAYS_SEARCH_USER_PATHS = NO;
				CLANG_CXX_LANGUAGE_STANDARD = "gnu++0x";
				CLANG_CXX_LIBRARY = "libc++";
				CLANG_ENABLE_MODULES = YES;
				CLANG_ENABLE_OBJC_ARC = YES;
				CLANG_WARN_BOOL_CONVERSION = YES;
				CLANG_WARN_CONSTANT_CONVERSION = YES;
				CLANG_WARN_DIRECT_OBJC_ISA_USAGE = YES_ERROR;
				CLANG_WARN_EMPTY_BODY = YES;
				CLANG_WARN_ENUM_CONVERSION = YES;
				CLANG_WARN_INT_CONVERSION = YES;
				CLANG_WARN_OBJC_ROOT_CLASS = YES_ERROR;
				CLANG_WARN_UNREACHABLE_CODE = YES;
				CLANG_WARN__DUPLICATE_METHOD_MATCH = YES;
				"CODE_SIGN_IDENTITY[sdk=iphoneos*]" = "iPhone Developer";
				COPY_PHASE_STRIP = NO;
				DEBUG_INFORMATION_FORMAT = "dwarf-with-dsym";
				ENABLE_STRICT_OBJC_MSGSEND = YES;
				GCC_C_LANGUAGE_STANDARD = gnu99;
				GCC_DYNAMIC_NO_PIC = NO;
				GCC_NO_COMMON_BLOCKS = YES;
				GCC_OPTIMIZATION_LEVEL = 0;
				GCC_PREPROCESSOR_DEFINITIONS = (
					"DEBUG=1",
					"$(inherited)",
				);
				GCC_SYMBOLS_PRIVATE_EXTERN = NO;
				GCC_WARN_64_TO_32_BIT_CONVERSION = YES;
				GCC_WARN_ABOUT_RETURN_TYPE = YES_ERROR;
				GCC_WARN_UNDECLARED_SELECTOR = YES;
				GCC_WARN_UNINITIALIZED_AUTOS = YES_AGGRESSIVE;
				GCC_WARN_UNUSED_FUNCTION = YES;
				GCC_WARN_UNUSED_VARIABLE = YES;
				IPHONEOS_DEPLOYMENT_TARGET = 8.3;
				MTL_ENABLE_DEBUG_INFO = YES;
				ONLY_ACTIVE_ARCH = YES;
				SDKROOT = iphoneos;
			};
			name = Debug;
		};
		0127A9A01B2CD0B60037BF4C /* Release */ = {
			isa = XCBuildConfiguration;
			buildSettings = {
				ALWAYS_SEARCH_USER_PATHS = NO;
				CLANG_CXX_LANGUAGE_STANDARD = "gnu++0x";
				CLANG_CXX_LIBRARY = "libc++";
				CLANG_ENABLE_MODULES = YES;
				CLANG_ENABLE_OBJC_ARC = YES;
				CLANG_WARN_BOOL_CONVERSION = YES;
				CLANG_WARN_CONSTANT_CONVERSION = YES;
				CLANG_WARN_DIRECT_OBJC_ISA_USAGE = YES_ERROR;
				CLANG_WARN_EMPTY_BODY = YES;
				CLANG_WARN_ENUM_CONVERSION = YES;
				CLANG_WARN_INT_CONVERSION = YES;
				CLANG_WARN_OBJC_ROOT_CLASS = YES_ERROR;
				CLANG_WARN_UNREACHABLE_CODE = YES;
				CLANG_WARN__DUPLICATE_METHOD_MATCH = YES;
				"CODE_SIGN_IDENTITY[sdk=iphoneos*]" = "iPhone Developer";
				COPY_PHASE_STRIP = NO;
				DEBUG_INFORMATION_FORMAT = "dwarf-with-dsym";
				ENABLE_NS_ASSERTIONS = NO;
				ENABLE_STRICT_OBJC_MSGSEND = YES;
				GCC_C_LANGUAGE_STANDARD = gnu99;
				GCC_NO_COMMON_BLOCKS = YES;
				GCC_WARN_64_TO_32_BIT_CONVERSION = YES;
				GCC_WARN_ABOUT_RETURN_TYPE = YES_ERROR;
				GCC_WARN_UNDECLARED_SELECTOR = YES;
				GCC_WARN_UNINITIALIZED_AUTOS = YES_AGGRESSIVE;
				GCC_WARN_UNUSED_FUNCTION = YES;
				GCC_WARN_UNUSED_VARIABLE = YES;
				IPHONEOS_DEPLOYMENT_TARGET = 8.3;
				MTL_ENABLE_DEBUG_INFO = NO;
				SDKROOT = iphoneos;
				VALIDATE_PRODUCT = YES;
			};
			name = Release;
		};
		0127A9A21B2CD0B60037BF4C /* Debug */ = {
			isa = XCBuildConfiguration;
			baseConfigurationReference = 0CCE1BCA182CBC872A85A98E /* Pods-uQu.debug.xcconfig */;
			buildSettings = {
				ASSETCATALOG_COMPILER_APPICON_NAME = AppIcon;
				INFOPLIST_FILE = uQu/Info.plist;
				LD_RUNPATH_SEARCH_PATHS = "$(inherited) @executable_path/Frameworks";
				LIBRARY_SEARCH_PATHS = (
					"$(inherited)",
					"$(PROJECT_DIR)/build/Debug-iphoneos",
				);
				PRODUCT_NAME = "$(TARGET_NAME)";
			};
			name = Debug;
		};
		0127A9A31B2CD0B60037BF4C /* Release */ = {
			isa = XCBuildConfiguration;
			baseConfigurationReference = 25284F5CBAD7A36FA0C15C0C /* Pods-uQu.release.xcconfig */;
			buildSettings = {
				ASSETCATALOG_COMPILER_APPICON_NAME = AppIcon;
				INFOPLIST_FILE = uQu/Info.plist;
				LD_RUNPATH_SEARCH_PATHS = "$(inherited) @executable_path/Frameworks";
				LIBRARY_SEARCH_PATHS = (
					"$(inherited)",
					"$(PROJECT_DIR)/build/Debug-iphoneos",
				);
				PRODUCT_NAME = "$(TARGET_NAME)";
			};
			name = Release;
		};
		0127A9A51B2CD0B60037BF4C /* Debug */ = {
			isa = XCBuildConfiguration;
			buildSettings = {
				BUNDLE_LOADER = "$(TEST_HOST)";
				FRAMEWORK_SEARCH_PATHS = (
					"$(SDKROOT)/Developer/Library/Frameworks",
					"$(inherited)",
				);
				GCC_PREPROCESSOR_DEFINITIONS = (
					"DEBUG=1",
					"$(inherited)",
				);
				INFOPLIST_FILE = uQuTests/Info.plist;
				LD_RUNPATH_SEARCH_PATHS = "$(inherited) @executable_path/Frameworks @loader_path/Frameworks";
				PRODUCT_NAME = "$(TARGET_NAME)";
				TEST_HOST = "$(BUILT_PRODUCTS_DIR)/uQu.app/uQu";
			};
			name = Debug;
		};
		0127A9A61B2CD0B60037BF4C /* Release */ = {
			isa = XCBuildConfiguration;
			buildSettings = {
				BUNDLE_LOADER = "$(TEST_HOST)";
				FRAMEWORK_SEARCH_PATHS = (
					"$(SDKROOT)/Developer/Library/Frameworks",
					"$(inherited)",
				);
				INFOPLIST_FILE = uQuTests/Info.plist;
				LD_RUNPATH_SEARCH_PATHS = "$(inherited) @executable_path/Frameworks @loader_path/Frameworks";
				PRODUCT_NAME = "$(TARGET_NAME)";
				TEST_HOST = "$(BUILT_PRODUCTS_DIR)/uQu.app/uQu";
			};
			name = Release;
		};
		0127A9EB1B2CD0F10037BF4C /* Debug */ = {
			isa = XCBuildConfiguration;
			buildSettings = {
				ASSETCATALOG_COMPILER_APPICON_NAME = AppIcon;
				CODE_SIGN_IDENTITY = "iPhone Developer";
				"CODE_SIGN_IDENTITY[sdk=iphoneos*]" = "iPhone Developer";
				GCC_PREPROCESSOR_DEFINITIONS = (
					"DEBUG=1",
					"$(inherited)",
				);
				IBSC_MODULE = uQu_WatchKit_Extension;
				INFOPLIST_FILE = "uQu WatchKit App/Info.plist";
				IPHONEOS_DEPLOYMENT_TARGET = 8.2;
				PRODUCT_NAME = "$(TARGET_NAME)";
				PROVISIONING_PROFILE = "";
				SKIP_INSTALL = YES;
				TARGETED_DEVICE_FAMILY = 4;
				"TARGETED_DEVICE_FAMILY[sdk=iphonesimulator*]" = "1,4";
			};
			name = Debug;
		};
		0127A9EC1B2CD0F10037BF4C /* Release */ = {
			isa = XCBuildConfiguration;
			buildSettings = {
				ASSETCATALOG_COMPILER_APPICON_NAME = AppIcon;
				CODE_SIGN_IDENTITY = "iPhone Developer";
				"CODE_SIGN_IDENTITY[sdk=iphoneos*]" = "iPhone Developer";
				IBSC_MODULE = uQu_WatchKit_Extension;
				INFOPLIST_FILE = "uQu WatchKit App/Info.plist";
				IPHONEOS_DEPLOYMENT_TARGET = 8.2;
				PRODUCT_NAME = "$(TARGET_NAME)";
				PROVISIONING_PROFILE = "";
				SKIP_INSTALL = YES;
				TARGETED_DEVICE_FAMILY = 4;
				"TARGETED_DEVICE_FAMILY[sdk=iphonesimulator*]" = "1,4";
			};
			name = Release;
		};
		0127A9EE1B2CD0F10037BF4C /* Debug */ = {
			isa = XCBuildConfiguration;
			buildSettings = {
				GCC_PREPROCESSOR_DEFINITIONS = (
					"DEBUG=1",
					"$(inherited)",
				);
				INFOPLIST_FILE = "uQu WatchKit Extension/Info.plist";
				LD_RUNPATH_SEARCH_PATHS = "$(inherited) @executable_path/Frameworks @executable_path/../../Frameworks";
				PRODUCT_NAME = "${TARGET_NAME}";
				SKIP_INSTALL = YES;
			};
			name = Debug;
		};
		0127A9EF1B2CD0F10037BF4C /* Release */ = {
			isa = XCBuildConfiguration;
			buildSettings = {
				INFOPLIST_FILE = "uQu WatchKit Extension/Info.plist";
				LD_RUNPATH_SEARCH_PATHS = "$(inherited) @executable_path/Frameworks @executable_path/../../Frameworks";
				PRODUCT_NAME = "${TARGET_NAME}";
				SKIP_INSTALL = YES;
			};
			name = Release;
		};
/* End XCBuildConfiguration section */

/* Begin XCConfigurationList section */
		0127A9791B2CD0B60037BF4C /* Build configuration list for PBXProject "uQu" */ = {
			isa = XCConfigurationList;
			buildConfigurations = (
				0127A99F1B2CD0B60037BF4C /* Debug */,
				0127A9A01B2CD0B60037BF4C /* Release */,
			);
			defaultConfigurationIsVisible = 0;
			defaultConfigurationName = Release;
		};
		0127A9A11B2CD0B60037BF4C /* Build configuration list for PBXNativeTarget "uQu" */ = {
			isa = XCConfigurationList;
			buildConfigurations = (
				0127A9A21B2CD0B60037BF4C /* Debug */,
				0127A9A31B2CD0B60037BF4C /* Release */,
			);
			defaultConfigurationIsVisible = 0;
			defaultConfigurationName = Release;
		};
		0127A9A41B2CD0B60037BF4C /* Build configuration list for PBXNativeTarget "uQuTests" */ = {
			isa = XCConfigurationList;
			buildConfigurations = (
				0127A9A51B2CD0B60037BF4C /* Debug */,
				0127A9A61B2CD0B60037BF4C /* Release */,
			);
			defaultConfigurationIsVisible = 0;
			defaultConfigurationName = Release;
		};
		0127A9EA1B2CD0F10037BF4C /* Build configuration list for PBXNativeTarget "uQu WatchKit App" */ = {
			isa = XCConfigurationList;
			buildConfigurations = (
				0127A9EB1B2CD0F10037BF4C /* Debug */,
				0127A9EC1B2CD0F10037BF4C /* Release */,
			);
			defaultConfigurationIsVisible = 0;
			defaultConfigurationName = Release;
		};
		0127A9ED1B2CD0F10037BF4C /* Build configuration list for PBXNativeTarget "uQu WatchKit Extension" */ = {
			isa = XCConfigurationList;
			buildConfigurations = (
				0127A9EE1B2CD0F10037BF4C /* Debug */,
				0127A9EF1B2CD0F10037BF4C /* Release */,
			);
			defaultConfigurationIsVisible = 0;
			defaultConfigurationName = Release;
		};
/* End XCConfigurationList section */
	};
	rootObject = 0127A9761B2CD0B60037BF4C /* Project object */;
}
